
Microsoft Visual Studio Solution File, Format Version 12.00
# Visual Studio 2013
VisualStudioVersion = 12.0.21005.1
MinimumVisualStudioVersion = 10.0.40219.1
Project("{F184B08F-C81C-45F6-A57F-5ABD9991F28F}") = "MPOS Server tool v1.0", "WindowsApplication1\MPOS Server tool v1.0.vbproj", "{C085BF13-03D9-4821-A48C-558A1D5C8DBB}"
EndProject
Global
	GlobalSection(SolutionConfigurationPlatforms) = preSolution
		Debug|Any CPU = Debug|Any CPU
		Release|Any CPU = Release|Any CPU
	EndGlobalSection
	GlobalSection(ProjectConfigurationPlatforms) = postSolution
		{C085BF13-03D9-4821-A48C-558A1D5C8DBB}.Debug|Any CPU.ActiveCfg = Debug|Any CPU
		{C085BF13-03D9-4821-A48C-558A1D5C8DBB}.Debug|Any CPU.Build.0 = Debug|Any CPU
		{C085BF13-03D9-4821-A48C-558A1D5C8DBB}.Release|Any CPU.ActiveCfg = Release|Any CPU
		{C085BF13-03D9-4821-A48C-558A1D5C8DBB}.Release|Any CPU.Build.0 = Release|Any CPU
	EndGlobalSection
	GlobalSection(SolutionProperties) = preSolution
		HideSolutionNode = FALSE
	EndGlobalSection
EndGlobal
